
Microsoft Visual Studio Solution File, Format Version 12.00
# Visual Studio Version 16
VisualStudioVersion = 16.0.30621.155
MinimumVisualStudioVersion = 10.0.40219.1
Project("{9A19103F-16F7-4668-BE54-9A1E7A4F7556}") = "ConsoleProject", "ConsoleInterface\ConsoleProject.csproj", "{4751B94E-499D-463A-8A21-0528C0EA15EE}"
EndProject
Project("{9A19103F-16F7-4668-BE54-9A1E7A4F7556}") = "WordsDB", "DBInterface\WordsDB.csproj", "{4D33AFDC-BE57-416E-AD26-3D19F1211F12}"
EndProject
Project("{FAE04EC0-301F-11D3-BF4B-00C04F79EFBC}") = "ServerProject", "ServerInterface\ServerProject.csproj", "{B454413E-6CB3-4DD7-909F-8D35FA0E6B07}"
EndProject
Project("{FAE04EC0-301F-11D3-BF4B-00C04F79EFBC}") = "ClientProject", "ClientInterface\ClientProject.csproj", "{56C97AB5-AF30-4462-A778-8A5D2279557E}"
EndProject
Project("{FAE04EC0-301F-11D3-BF4B-00C04F79EFBC}") = "BaseLibrary", "InterfacesLibrary\BaseLibrary.csproj", "{A0F67CC2-F08B-47B2-A71A-2851B359B237}"
EndProject
Global
	GlobalSection(SolutionConfigurationPlatforms) = preSolution
		Debug|Any CPU = Debug|Any CPU
		Release|Any CPU = Release|Any CPU
	EndGlobalSection
	GlobalSection(ProjectConfigurationPlatforms) = postSolution
		{4751B94E-499D-463A-8A21-0528C0EA15EE}.Debug|Any CPU.ActiveCfg = Debug|Any CPU
		{4751B94E-499D-463A-8A21-0528C0EA15EE}.Debug|Any CPU.Build.0 = Debug|Any CPU
		{4751B94E-499D-463A-8A21-0528C0EA15EE}.Release|Any CPU.ActiveCfg = Release|Any CPU
		{4751B94E-499D-463A-8A21-0528C0EA15EE}.Release|Any CPU.Build.0 = Release|Any CPU
		{4D33AFDC-BE57-416E-AD26-3D19F1211F12}.Debug|Any CPU.ActiveCfg = Debug|Any CPU
		{4D33AFDC-BE57-416E-AD26-3D19F1211F12}.Debug|Any CPU.Build.0 = Debug|Any CPU
		{4D33AFDC-BE57-416E-AD26-3D19F1211F12}.Release|Any CPU.ActiveCfg = Release|Any CPU
		{4D33AFDC-BE57-416E-AD26-3D19F1211F12}.Release|Any CPU.Build.0 = Release|Any CPU
		{B454413E-6CB3-4DD7-909F-8D35FA0E6B07}.Debug|Any CPU.ActiveCfg = Debug|Any CPU
		{B454413E-6CB3-4DD7-909F-8D35FA0E6B07}.Debug|Any CPU.Build.0 = Debug|Any CPU
		{B454413E-6CB3-4DD7-909F-8D35FA0E6B07}.Release|Any CPU.ActiveCfg = Release|Any CPU
		{B454413E-6CB3-4DD7-909F-8D35FA0E6B07}.Release|Any CPU.Build.0 = Release|Any CPU
		{56C97AB5-AF30-4462-A778-8A5D2279557E}.Debug|Any CPU.ActiveCfg = Debug|Any CPU
		{56C97AB5-AF30-4462-A778-8A5D2279557E}.Debug|Any CPU.Build.0 = Debug|Any CPU
		{56C97AB5-AF30-4462-A778-8A5D2279557E}.Release|Any CPU.ActiveCfg = Release|Any CPU
		{56C97AB5-AF30-4462-A778-8A5D2279557E}.Release|Any CPU.Build.0 = Release|Any CPU
		{A0F67CC2-F08B-47B2-A71A-2851B359B237}.Debug|Any CPU.ActiveCfg = Debug|Any CPU
		{A0F67CC2-F08B-47B2-A71A-2851B359B237}.Debug|Any CPU.Build.0 = Debug|Any CPU
		{A0F67CC2-F08B-47B2-A71A-2851B359B237}.Release|Any CPU.ActiveCfg = Release|Any CPU
		{A0F67CC2-F08B-47B2-A71A-2851B359B237}.Release|Any CPU.Build.0 = Release|Any CPU
	EndGlobalSection
	GlobalSection(SolutionProperties) = preSolution
		HideSolutionNode = FALSE
	EndGlobalSection
	GlobalSection(ExtensibilityGlobals) = postSolution
		SolutionGuid = {997BFC5F-C953-4DC8-9E6A-644F4F61F944}
	EndGlobalSection
EndGlobal
